
Microsoft Visual Studio Solution File, Format Version 12.00
# Visual Studio 15
VisualStudioVersion = 15.0.27428.2027
MinimumVisualStudioVersion = 10.0.40219.1
Project("{FAE04EC0-301F-11D3-BF4B-00C04F79EFBC}") = "PublicDomainIcons", "PublicDomainIcons\PublicDomainIcons.csproj", "{F4252643-EC88-422B-894A-D65D1964F406}"
EndProject
Global
	GlobalSection(SolutionConfigurationPlatforms) = preSolution
		Debug|Any CPU = Debug|Any CPU
		Release|Any CPU = Release|Any CPU
	EndGlobalSection
	GlobalSection(ProjectConfigurationPlatforms) = postSolution
		{F4252643-EC88-422B-894A-D65D1964F406}.Debug|Any CPU.ActiveCfg = Debug|Any CPU
		{F4252643-EC88-422B-894A-D65D1964F406}.Debug|Any CPU.Build.0 = Debug|Any CPU
		{F4252643-EC88-422B-894A-D65D1964F406}.Release|Any CPU.ActiveCfg = Release|Any CPU
		{F4252643-EC88-422B-894A-D65D1964F406}.Release|Any CPU.Build.0 = Release|Any CPU
	EndGlobalSection
	GlobalSection(SolutionProperties) = preSolution
		HideSolutionNode = FALSE
	EndGlobalSection
	GlobalSection(ExtensibilityGlobals) = postSolution
		SolutionGuid = {C3D73ABF-8819-40A3-83F5-01068E704D62}
	EndGlobalSection
EndGlobal
